
Microsoft Visual Studio Solution File, Format Version 12.00
# Visual Studio Version 16
VisualStudioVersion = 16.0.32602.291
MinimumVisualStudioVersion = 10.0.40219.1
Project("{FAE04EC0-301F-11D3-BF4B-00C04F79EFBC}") = "EmployeeManagement.Models", "EmploymentManagement.Models\EmployeeManagement.Models.csproj", "{2CD1E31E-AA59-4E8F-92A2-2576CA4F49F5}"
EndProject
Project("{FAE04EC0-301F-11D3-BF4B-00C04F79EFBC}") = "EmployeeManagement.Web", "EmployeeManagement.Web\EmployeeManagement.Web.csproj", "{B4F39A93-29DA-40C8-AD24-7D392C4DC953}"
EndProject
Project("{FAE04EC0-301F-11D3-BF4B-00C04F79EFBC}") = "EmployeeManagement.Api", "EmployeeManagement.Api\EmployeeManagement.Api.csproj", "{5E40B725-8901-43ED-B381-07D7BDC44EE7}"
EndProject
Global
	GlobalSection(SolutionConfigurationPlatforms) = preSolution
		Debug|Any CPU = Debug|Any CPU
		Release|Any CPU = Release|Any CPU
	EndGlobalSection
	GlobalSection(ProjectConfigurationPlatforms) = postSolution
		{2CD1E31E-AA59-4E8F-92A2-2576CA4F49F5}.Debug|Any CPU.ActiveCfg = Debug|Any CPU
		{2CD1E31E-AA59-4E8F-92A2-2576CA4F49F5}.Debug|Any CPU.Build.0 = Debug|Any CPU
		{2CD1E31E-AA59-4E8F-92A2-2576CA4F49F5}.Release|Any CPU.ActiveCfg = Release|Any CPU
		{2CD1E31E-AA59-4E8F-92A2-2576CA4F49F5}.Release|Any CPU.Build.0 = Release|Any CPU
		{B4F39A93-29DA-40C8-AD24-7D392C4DC953}.Debug|Any CPU.ActiveCfg = Debug|Any CPU
		{B4F39A93-29DA-40C8-AD24-7D392C4DC953}.Debug|Any CPU.Build.0 = Debug|Any CPU
		{B4F39A93-29DA-40C8-AD24-7D392C4DC953}.Release|Any CPU.ActiveCfg = Release|Any CPU
		{B4F39A93-29DA-40C8-AD24-7D392C4DC953}.Release|Any CPU.Build.0 = Release|Any CPU
		{5E40B725-8901-43ED-B381-07D7BDC44EE7}.Debug|Any CPU.ActiveCfg = Debug|Any CPU
		{5E40B725-8901-43ED-B381-07D7BDC44EE7}.Debug|Any CPU.Build.0 = Debug|Any CPU
		{5E40B725-8901-43ED-B381-07D7BDC44EE7}.Release|Any CPU.ActiveCfg = Release|Any CPU
		{5E40B725-8901-43ED-B381-07D7BDC44EE7}.Release|Any CPU.Build.0 = Release|Any CPU
	EndGlobalSection
	GlobalSection(SolutionProperties) = preSolution
		HideSolutionNode = FALSE
	EndGlobalSection
	GlobalSection(ExtensibilityGlobals) = postSolution
		SolutionGuid = {C8FF7D6D-E526-40A9-94A2-D27C77400578}
	EndGlobalSection
EndGlobal
